
Microsoft Visual Studio Solution File, Format Version 12.00
# Visual Studio 15
VisualStudioVersion = 15.0.28307.539
MinimumVisualStudioVersion = 10.0.40219.1
Project("{FAE04EC0-301F-11D3-BF4B-00C04F79EFBC}") = "NetworkMonitor", "NetworkMonitor\NetworkMonitor.csproj", "{9D6D26A8-B7FE-4EC1-BA65-2E03D0603D6D}"
EndProject
Project("{FAE04EC0-301F-11D3-BF4B-00C04F79EFBC}") = "TextAndVoice", "TextAndVoice\TextAndVoice.csproj", "{4BB2045D-6FCA-4D34-9392-4AE23DF507F0}"
EndProject
Project("{FAE04EC0-301F-11D3-BF4B-00C04F79EFBC}") = "Remote Assistant", "Remote Assistant\Remote Assistant.csproj", "{AAA1D9FD-6656-4E2B-8EB2-923F7B5B0B71}"
EndProject
Project("{FAE04EC0-301F-11D3-BF4B-00C04F79EFBC}") = "ADOTutorial", "ADOTutorial\ADOTutorial\ADOTutorial.csproj", "{F6057BCE-5E2E-4027-AD49-A0C3EC8ED62A}"
EndProject
Project("{FAE04EC0-301F-11D3-BF4B-00C04F79EFBC}") = "ExcelAccess", "ExcelAccess\ExcelAccess\ExcelAccess.csproj", "{0B75E8DD-2008-49D0-A642-D0EC93770EB1}"
EndProject
Project("{2150E333-8FDC-42A3-9474-1A3956D46DE8}") = "MathWindowsService", "MathWindowsService", "{0EE5CF98-9B55-4E6B-822B-F6BB1D497782}"
EndProject
Project("{FAE04EC0-301F-11D3-BF4B-00C04F79EFBC}") = "MathServiceLibrary", "MathWindowsService\MathServiceLibrary\MathServiceLibrary.csproj", "{6CC6AF84-2AA3-45C0-8BAE-7FF8DC8B0BE9}"
EndProject
Project("{FAE04EC0-301F-11D3-BF4B-00C04F79EFBC}") = "MathWindowsServiceHost", "MathWindowsService\MathWindowsServiceHost\MathWindowsServiceHost.csproj", "{400D1D79-6463-408B-AB58-9CBFDDEB9570}"
EndProject
Project("{2150E333-8FDC-42A3-9474-1A3956D46DE8}") = "WCF_Tutorial", "WCF_Tutorial", "{98101B62-F89D-4286-B146-9A41D97F3E48}"
EndProject
Project("{FAE04EC0-301F-11D3-BF4B-00C04F79EFBC}") = "Client", "WCF_Tutorial_GIT\Client\Client.csproj", "{86E94607-62E7-4067-9578-ABD32613F8B1}"
EndProject
Project("{FAE04EC0-301F-11D3-BF4B-00C04F79EFBC}") = "SecurityServiceClient", "WCF_Tutorial_GIT\SecurityServiceClient\SecurityServiceClient.csproj", "{AD2DA7BF-2B64-4C4B-B7D1-14DA8279D30B}"
EndProject
Project("{FAE04EC0-301F-11D3-BF4B-00C04F79EFBC}") = "Service", "WCF_Tutorial_GIT\Service\Service.csproj", "{E3F5FE0F-F9FB-4709-9DEA-BF746EC6AEC1}"
EndProject
Project("{FAE04EC0-301F-11D3-BF4B-00C04F79EFBC}") = "SecurityServiceTutorial", "WCF_Tutorial_GIT\SecurityServiceTutorial\SecurityServiceTutorial.csproj", "{0882EC88-8FDD-430E-A515-97FEC5CAFF5C}"
EndProject
Project("{FAE04EC0-301F-11D3-BF4B-00C04F79EFBC}") = "AddWithThreads", "AddWithThreads\AddWithThreads\AddWithThreads.csproj", "{DEFA91F8-D1DE-4B0B-B145-26C38948B893}"
EndProject
Project("{FAE04EC0-301F-11D3-BF4B-00C04F79EFBC}") = "DataProviderFactory", "DataProviderFactory\DataProviderFactory\DataProviderFactory.csproj", "{D701B419-6398-44CB-A6CE-66FACCA081B7}"
EndProject
Project("{FAE04EC0-301F-11D3-BF4B-00C04F79EFBC}") = "DirectoryApp", "DirectoryApp\DirectoryApp\DirectoryApp.csproj", "{F1775D43-3085-493D-8DC2-7577608A4C0D}"
EndProject
Project("{FAE04EC0-301F-11D3-BF4B-00C04F79EFBC}") = "FileStreamApp", "FileStreamApp\FileStreamApp\FileStreamApp.csproj", "{AD38E74B-DA86-45D4-B53C-7F5F759720A0}"
EndProject
Project("{FAE04EC0-301F-11D3-BF4B-00C04F79EFBC}") = "FileSystemWatcherWork", "FileSystemWatcherWork\FileSystemWatcherWork\FileSystemWatcherWork.csproj", "{382648E4-6ABB-4101-B8A3-FD384E491D3A}"
EndProject
Project("{FAE04EC0-301F-11D3-BF4B-00C04F79EFBC}") = "FileWork", "FileWork\FileWork\FileWork.csproj", "{2F582327-BCD0-42CA-857B-BEA034596D8C}"
EndProject
Project("{FAE04EC0-301F-11D3-BF4B-00C04F79EFBC}") = "FunWithCSharpAsync", "FunWithCSharpAsync\FunWithCSharpAsync\FunWithCSharpAsync.csproj", "{1033F59C-8824-4758-BF91-92E3AE45FFF0}"
EndProject
Project("{FAE04EC0-301F-11D3-BF4B-00C04F79EFBC}") = "MultiThreadedPrinter", "MultiThreadedPrinter\MultiThreadedPrinter\MultiThreadedPrinter.csproj", "{E3E0D6D8-F92E-4D52-9474-8E363B6676FF}"
EndProject
Project("{FAE04EC0-301F-11D3-BF4B-00C04F79EFBC}") = "PictureViewer", "PictureViewer\PictureViewer\PictureViewer.csproj", "{FEAC800F-1E9E-4ACB-9B8B-B3A3B526117F}"
EndProject
Project("{FAE04EC0-301F-11D3-BF4B-00C04F79EFBC}") = "PLINQDataProcessingWithCancelation", "PLINQDataProcessingWithCancelation\PLINQDataProcessingWithCancelation\PLINQDataProcessingWithCancelation.csproj", "{DCEDE87A-0DD9-4CC9-B351-6F18E345A15D}"
EndProject
Project("{FAE04EC0-301F-11D3-BF4B-00C04F79EFBC}") = "SimpleMultiThreadApp", "SimpleMultiThreadApp\SimpleMultiThreadApp\SimpleMultiThreadApp.csproj", "{D8420A70-1EFA-49A5-A7F0-62E1B748C293}"
EndProject
Project("{FAE04EC0-301F-11D3-BF4B-00C04F79EFBC}") = "StreamReadreWriterApp", "StreamReadreWriterApp\StreamReadreWriterApp\StreamReadreWriterApp.csproj", "{39BB96CF-249F-4B46-8361-4A7A140E467A}"
EndProject
Project("{FAE04EC0-301F-11D3-BF4B-00C04F79EFBC}") = "SyncDelegateRewiev", "SyncDelegateRewiev\SyncDelegateRewiev\SyncDelegateRewiev.csproj", "{342BBC6B-5627-48BE-8640-6F3CB584542B}"
EndProject
Project("{FAE04EC0-301F-11D3-BF4B-00C04F79EFBC}") = "ThreadForms", "ThreadForms\ThreadForms\ThreadForms.csproj", "{34DBB75B-0057-4531-AA58-04C85F35C934}"
EndProject
Project("{FAE04EC0-301F-11D3-BF4B-00C04F79EFBC}") = "ThreadingTest", "ThreadingTest\ThreadingTest\ThreadingTest.csproj", "{BFEB8155-EB1B-4554-99CE-89C73855DA04}"
EndProject
Project("{FAE04EC0-301F-11D3-BF4B-00C04F79EFBC}") = "TimerApp", "TimerApp\TimerApp\TimerApp.csproj", "{83A25082-421C-4F01-8465-DBE160F3200B}"
EndProject
Project("{FAE04EC0-301F-11D3-BF4B-00C04F79EFBC}") = "TimerThreadingTest", "TimerThreadingTest\TimerThreadingTest\TimerThreadingTest.csproj", "{E8A5F63F-637A-4F09-A5CE-C9E5764E4526}"
EndProject
Project("{FAE04EC0-301F-11D3-BF4B-00C04F79EFBC}") = "TPLTest", "TPLTest\TPLTest\TPLTest.csproj", "{8A652BDC-542B-4483-A52F-EC503D4CCEB8}"
EndProject
Project("{FAE04EC0-301F-11D3-BF4B-00C04F79EFBC}") = "DataBaseSchema", "DataBaseSchema_Git\DataBaseSchema\DataBaseSchema.csproj", "{121B9299-3A75-4828-8623-71C7FD249F79}"
EndProject
Project("{FAE04EC0-301F-11D3-BF4B-00C04F79EFBC}") = "IConvertibleTest", "IConvertibleTest\IConvertibleTest.csproj", "{483A6218-F3DF-4FB8-975C-155A7B9BBD80}"
EndProject
Project("{FAE04EC0-301F-11D3-BF4B-00C04F79EFBC}") = "SizeExcelFiles", "SizeExcelFiles\SizeExcelFiles.csproj", "{4F9B47DA-08C1-4798-B2B7-68FCDEBCAC33}"
EndProject
Project("{FAE04EC0-301F-11D3-BF4B-00C04F79EFBC}") = "AsyncDelegateAndLINQTest", "AsyncDelegateAndLINQTest\AsyncDelegateAndLINQTest.csproj", "{0C4AA882-4EC3-4BB0-9028-D9FA6E8E0A0D}"
EndProject
Project("{FAE04EC0-301F-11D3-BF4B-00C04F79EFBC}") = "DynamicTest", "DynamicTest\DynamicTest.csproj", "{4097630D-818F-4F2D-B6B8-ACF7C7434CD1}"
EndProject
Project("{FAE04EC0-301F-11D3-BF4B-00C04F79EFBC}") = "NestedClassesTest", "NestedClassesTest\NestedClassesTest.csproj", "{B374415C-19AA-41FF-A80C-56527EF32442}"
EndProject
Project("{FAE04EC0-301F-11D3-BF4B-00C04F79EFBC}") = "LyambdaExpressionTest", "LyambdaExpressionTest\LyambdaExpressionTest.csproj", "{EB647671-B9FE-4A3B-A975-A05D3D16B4DB}"
EndProject
Project("{FAE04EC0-301F-11D3-BF4B-00C04F79EFBC}") = "PreprocessorDirectives", "PreprocessorDirectives\PreprocessorDirectives.csproj", "{C54EAABF-F14A-4851-947F-4E538270926B}"
EndProject
Project("{FAE04EC0-301F-11D3-BF4B-00C04F79EFBC}") = "CollectionsTest", "CollectionsTest\CollectionsTest.csproj", "{DB3C00B4-AA20-484A-AB58-4EE2BBD551DE}"
EndProject
Project("{FAE04EC0-301F-11D3-BF4B-00C04F79EFBC}") = "IOTest", "IOTest\IOTest.csproj", "{F05B5D90-B77E-4A35-857A-A52962CAE102}"
EndProject
Project("{FAE04EC0-301F-11D3-BF4B-00C04F79EFBC}") = "IFormattableTest", "IFormatableTest\IFormattableTest.csproj", "{14AEA6EB-2022-455F-9586-E2BC79A02DB6}"
EndProject
Project("{FAE04EC0-301F-11D3-BF4B-00C04F79EFBC}") = "IFormatProviderTest", "IFormatProviderTest\IFormatProviderTest.csproj", "{768C6932-8BA2-4270-941A-1C0DAFC72A67}"
EndProject
Project("{FAE04EC0-301F-11D3-BF4B-00C04F79EFBC}") = "RegulareExpressions", "RegulareExpressions\RegulareExpressions.csproj", "{19F28A2F-5BBF-49DE-92C1-440245A6458B}"
EndProject
Project("{FAE04EC0-301F-11D3-BF4B-00C04F79EFBC}") = "XMLTest", "XMLTest\XMLTest.csproj", "{AD778764-59A0-4CD1-828A-DA10DC24063D}"
EndProject
Project("{FAE04EC0-301F-11D3-BF4B-00C04F79EFBC}") = "AppSettingsTest", "AppSettingsTest\AppSettingsTest.csproj", "{DCCF5694-C538-4BA2-B83B-DD8FEC93D06E}"
EndProject
Project("{FAE04EC0-301F-11D3-BF4B-00C04F79EFBC}") = "ReflectionTest", "ReflectionTest\ReflectionTest.csproj", "{B0BAEC7D-B122-4C09-92AA-53D4E35E58CC}"
EndProject
Project("{FAE04EC0-301F-11D3-BF4B-00C04F79EFBC}") = "AttributeTest", "AttributeTest\AttributeTest.csproj", "{ACE77D05-EDDD-471E-B76F-A77A487017EC}"
EndProject
Project("{FAE04EC0-301F-11D3-BF4B-00C04F79EFBC}") = "SerializationTEst", "SerializationTEst\SerializationTEst.csproj", "{9BEE0EE0-6BF7-4EEE-9AD9-3726324D9D53}"
EndProject
Project("{FAE04EC0-301F-11D3-BF4B-00C04F79EFBC}") = "VolatileTest", "VolatileTest\VolatileTest.csproj", "{C6186381-B157-456A-B958-C5411EFA2078}"
EndProject
Project("{2150E333-8FDC-42A3-9474-1A3956D46DE8}") = "Threads", "Threads", "{0B4AFAB7-A76A-424A-BE26-24D7322B170A}"
EndProject
Project("{FAE04EC0-301F-11D3-BF4B-00C04F79EFBC}") = "CancelationTest", "CancelationTest\CancelationTest.csproj", "{CDAF8CCF-E21E-43F1-BB5C-A7D351182606}"
EndProject
Project("{2150E333-8FDC-42A3-9474-1A3956D46DE8}") = "TPL", "TPL", "{329F4F62-5259-4DDB-8C29-D00108683CD1}"
EndProject
Project("{FAE04EC0-301F-11D3-BF4B-00C04F79EFBC}") = "TasksTest", "TasksTest\TasksTest.csproj", "{ED6617B0-1E9E-4324-9B55-48CCB70BE3EA}"
EndProject
Project("{FAE04EC0-301F-11D3-BF4B-00C04F79EFBC}") = "AsyncAwaitTEst", "AsyncAwaitTEst\AsyncAwaitTEst.csproj", "{4234F46D-7028-4F0B-85EC-CB65F200F0F4}"
EndProject
Project("{2150E333-8FDC-42A3-9474-1A3956D46DE8}") = "EF", "EF", "{110C65B4-A290-4456-93C9-67DE36D8A410}"
EndProject
Project("{FAE04EC0-301F-11D3-BF4B-00C04F79EFBC}") = "CodeSecondTutorial", "CodeSecondTutorial\CodeSecondTutorial.csproj", "{EB8628D1-E9A4-487D-8B36-FA58D90BF454}"
EndProject
Project("{FAE04EC0-301F-11D3-BF4B-00C04F79EFBC}") = "DataBaseFirstTutorial", "DataBaseFirstTutorial\DataBaseFirstTutorial.csproj", "{E1A4535D-37D8-4FC4-AB14-462A0005EAA4}"
EndProject
Project("{FAE04EC0-301F-11D3-BF4B-00C04F79EFBC}") = "CodeFirstTutorial", "CodeFirstTutorial\CodeFirstTutorial.csproj", "{015D4A1F-5BC0-40FA-9130-8E6F56FD84E0}"
EndProject
Project("{FAE04EC0-301F-11D3-BF4B-00C04F79EFBC}") = "ModelFirstTutorial", "ModelFirstTutorial\ModelFirstTutorial.csproj", "{AE091D34-D946-4752-8D25-4405B2D91404}"
EndProject
Project("{FAE04EC0-301F-11D3-BF4B-00C04F79EFBC}") = "EFTutorial", "EFTutorial\EFTutorial.csproj", "{BB09FD97-B93A-4858-B073-88C6E5420833}"
EndProject
Global
	GlobalSection(SolutionConfigurationPlatforms) = preSolution
		Debug|Any CPU = Debug|Any CPU
		Release|Any CPU = Release|Any CPU
	EndGlobalSection
	GlobalSection(ProjectConfigurationPlatforms) = postSolution
		{9D6D26A8-B7FE-4EC1-BA65-2E03D0603D6D}.Debug|Any CPU.ActiveCfg = Debug|Any CPU
		{9D6D26A8-B7FE-4EC1-BA65-2E03D0603D6D}.Debug|Any CPU.Build.0 = Debug|Any CPU
		{9D6D26A8-B7FE-4EC1-BA65-2E03D0603D6D}.Release|Any CPU.ActiveCfg = Release|Any CPU
		{9D6D26A8-B7FE-4EC1-BA65-2E03D0603D6D}.Release|Any CPU.Build.0 = Release|Any CPU
		{4BB2045D-6FCA-4D34-9392-4AE23DF507F0}.Debug|Any CPU.ActiveCfg = Debug|Any CPU
		{4BB2045D-6FCA-4D34-9392-4AE23DF507F0}.Debug|Any CPU.Build.0 = Debug|Any CPU
		{4BB2045D-6FCA-4D34-9392-4AE23DF507F0}.Release|Any CPU.ActiveCfg = Release|Any CPU
		{4BB2045D-6FCA-4D34-9392-4AE23DF507F0}.Release|Any CPU.Build.0 = Release|Any CPU
		{AAA1D9FD-6656-4E2B-8EB2-923F7B5B0B71}.Debug|Any CPU.ActiveCfg = Debug|Any CPU
		{AAA1D9FD-6656-4E2B-8EB2-923F7B5B0B71}.Debug|Any CPU.Build.0 = Debug|Any CPU
		{AAA1D9FD-6656-4E2B-8EB2-923F7B5B0B71}.Release|Any CPU.ActiveCfg = Release|Any CPU
		{AAA1D9FD-6656-4E2B-8EB2-923F7B5B0B71}.Release|Any CPU.Build.0 = Release|Any CPU
		{F6057BCE-5E2E-4027-AD49-A0C3EC8ED62A}.Debug|Any CPU.ActiveCfg = Debug|Any CPU
		{F6057BCE-5E2E-4027-AD49-A0C3EC8ED62A}.Debug|Any CPU.Build.0 = Debug|Any CPU
		{F6057BCE-5E2E-4027-AD49-A0C3EC8ED62A}.Release|Any CPU.ActiveCfg = Release|Any CPU
		{F6057BCE-5E2E-4027-AD49-A0C3EC8ED62A}.Release|Any CPU.Build.0 = Release|Any CPU
		{0B75E8DD-2008-49D0-A642-D0EC93770EB1}.Debug|Any CPU.ActiveCfg = Debug|Any CPU
		{0B75E8DD-2008-49D0-A642-D0EC93770EB1}.Debug|Any CPU.Build.0 = Debug|Any CPU
		{0B75E8DD-2008-49D0-A642-D0EC93770EB1}.Release|Any CPU.ActiveCfg = Release|Any CPU
		{0B75E8DD-2008-49D0-A642-D0EC93770EB1}.Release|Any CPU.Build.0 = Release|Any CPU
		{6CC6AF84-2AA3-45C0-8BAE-7FF8DC8B0BE9}.Debug|Any CPU.ActiveCfg = Debug|Any CPU
		{6CC6AF84-2AA3-45C0-8BAE-7FF8DC8B0BE9}.Debug|Any CPU.Build.0 = Debug|Any CPU
		{6CC6AF84-2AA3-45C0-8BAE-7FF8DC8B0BE9}.Release|Any CPU.ActiveCfg = Release|Any CPU
		{6CC6AF84-2AA3-45C0-8BAE-7FF8DC8B0BE9}.Release|Any CPU.Build.0 = Release|Any CPU
		{400D1D79-6463-408B-AB58-9CBFDDEB9570}.Debug|Any CPU.ActiveCfg = Debug|Any CPU
		{400D1D79-6463-408B-AB58-9CBFDDEB9570}.Debug|Any CPU.Build.0 = Debug|Any CPU
		{400D1D79-6463-408B-AB58-9CBFDDEB9570}.Release|Any CPU.ActiveCfg = Release|Any CPU
		{400D1D79-6463-408B-AB58-9CBFDDEB9570}.Release|Any CPU.Build.0 = Release|Any CPU
		{86E94607-62E7-4067-9578-ABD32613F8B1}.Debug|Any CPU.ActiveCfg = Debug|Any CPU
		{86E94607-62E7-4067-9578-ABD32613F8B1}.Debug|Any CPU.Build.0 = Debug|Any CPU
		{86E94607-62E7-4067-9578-ABD32613F8B1}.Release|Any CPU.ActiveCfg = Release|Any CPU
		{86E94607-62E7-4067-9578-ABD32613F8B1}.Release|Any CPU.Build.0 = Release|Any CPU
		{AD2DA7BF-2B64-4C4B-B7D1-14DA8279D30B}.Debug|Any CPU.ActiveCfg = Debug|Any CPU
		{AD2DA7BF-2B64-4C4B-B7D1-14DA8279D30B}.Debug|Any CPU.Build.0 = Debug|Any CPU
		{AD2DA7BF-2B64-4C4B-B7D1-14DA8279D30B}.Release|Any CPU.ActiveCfg = Release|Any CPU
		{AD2DA7BF-2B64-4C4B-B7D1-14DA8279D30B}.Release|Any CPU.Build.0 = Release|Any CPU
		{E3F5FE0F-F9FB-4709-9DEA-BF746EC6AEC1}.Debug|Any CPU.ActiveCfg = Debug|Any CPU
		{E3F5FE0F-F9FB-4709-9DEA-BF746EC6AEC1}.Debug|Any CPU.Build.0 = Debug|Any CPU
		{E3F5FE0F-F9FB-4709-9DEA-BF746EC6AEC1}.Release|Any CPU.ActiveCfg = Release|Any CPU
		{E3F5FE0F-F9FB-4709-9DEA-BF746EC6AEC1}.Release|Any CPU.Build.0 = Release|Any CPU
		{0882EC88-8FDD-430E-A515-97FEC5CAFF5C}.Debug|Any CPU.ActiveCfg = Debug|Any CPU
		{0882EC88-8FDD-430E-A515-97FEC5CAFF5C}.Debug|Any CPU.Build.0 = Debug|Any CPU
		{0882EC88-8FDD-430E-A515-97FEC5CAFF5C}.Release|Any CPU.ActiveCfg = Release|Any CPU
		{0882EC88-8FDD-430E-A515-97FEC5CAFF5C}.Release|Any CPU.Build.0 = Release|Any CPU
		{DEFA91F8-D1DE-4B0B-B145-26C38948B893}.Debug|Any CPU.ActiveCfg = Debug|Any CPU
		{DEFA91F8-D1DE-4B0B-B145-26C38948B893}.Debug|Any CPU.Build.0 = Debug|Any CPU
		{DEFA91F8-D1DE-4B0B-B145-26C38948B893}.Release|Any CPU.ActiveCfg = Release|Any CPU
		{DEFA91F8-D1DE-4B0B-B145-26C38948B893}.Release|Any CPU.Build.0 = Release|Any CPU
		{D701B419-6398-44CB-A6CE-66FACCA081B7}.Debug|Any CPU.ActiveCfg = Debug|Any CPU
		{D701B419-6398-44CB-A6CE-66FACCA081B7}.Debug|Any CPU.Build.0 = Debug|Any CPU
		{D701B419-6398-44CB-A6CE-66FACCA081B7}.Release|Any CPU.ActiveCfg = Release|Any CPU
		{D701B419-6398-44CB-A6CE-66FACCA081B7}.Release|Any CPU.Build.0 = Release|Any CPU
		{F1775D43-3085-493D-8DC2-7577608A4C0D}.Debug|Any CPU.ActiveCfg = Debug|Any CPU
		{F1775D43-3085-493D-8DC2-7577608A4C0D}.Debug|Any CPU.Build.0 = Debug|Any CPU
		{F1775D43-3085-493D-8DC2-7577608A4C0D}.Release|Any CPU.ActiveCfg = Release|Any CPU
		{F1775D43-3085-493D-8DC2-7577608A4C0D}.Release|Any CPU.Build.0 = Release|Any CPU
		{AD38E74B-DA86-45D4-B53C-7F5F759720A0}.Debug|Any CPU.ActiveCfg = Debug|Any CPU
		{AD38E74B-DA86-45D4-B53C-7F5F759720A0}.Debug|Any CPU.Build.0 = Debug|Any CPU
		{AD38E74B-DA86-45D4-B53C-7F5F759720A0}.Release|Any CPU.ActiveCfg = Release|Any CPU
		{AD38E74B-DA86-45D4-B53C-7F5F759720A0}.Release|Any CPU.Build.0 = Release|Any CPU
		{382648E4-6ABB-4101-B8A3-FD384E491D3A}.Debug|Any CPU.ActiveCfg = Debug|Any CPU
		{382648E4-6ABB-4101-B8A3-FD384E491D3A}.Debug|Any CPU.Build.0 = Debug|Any CPU
		{382648E4-6ABB-4101-B8A3-FD384E491D3A}.Release|Any CPU.ActiveCfg = Release|Any CPU
		{382648E4-6ABB-4101-B8A3-FD384E491D3A}.Release|Any CPU.Build.0 = Release|Any CPU
		{2F582327-BCD0-42CA-857B-BEA034596D8C}.Debug|Any CPU.ActiveCfg = Debug|Any CPU
		{2F582327-BCD0-42CA-857B-BEA034596D8C}.Debug|Any CPU.Build.0 = Debug|Any CPU
		{2F582327-BCD0-42CA-857B-BEA034596D8C}.Release|Any CPU.ActiveCfg = Release|Any CPU
		{2F582327-BCD0-42CA-857B-BEA034596D8C}.Release|Any CPU.Build.0 = Release|Any CPU
		{1033F59C-8824-4758-BF91-92E3AE45FFF0}.Debug|Any CPU.ActiveCfg = Debug|Any CPU
		{1033F59C-8824-4758-BF91-92E3AE45FFF0}.Debug|Any CPU.Build.0 = Debug|Any CPU
		{1033F59C-8824-4758-BF91-92E3AE45FFF0}.Release|Any CPU.ActiveCfg = Release|Any CPU
		{1033F59C-8824-4758-BF91-92E3AE45FFF0}.Release|Any CPU.Build.0 = Release|Any CPU
		{E3E0D6D8-F92E-4D52-9474-8E363B6676FF}.Debug|Any CPU.ActiveCfg = Debug|Any CPU
		{E3E0D6D8-F92E-4D52-9474-8E363B6676FF}.Debug|Any CPU.Build.0 = Debug|Any CPU
		{E3E0D6D8-F92E-4D52-9474-8E363B6676FF}.Release|Any CPU.ActiveCfg = Release|Any CPU
		{E3E0D6D8-F92E-4D52-9474-8E363B6676FF}.Release|Any CPU.Build.0 = Release|Any CPU
		{FEAC800F-1E9E-4ACB-9B8B-B3A3B526117F}.Debug|Any CPU.ActiveCfg = Debug|Any CPU
		{FEAC800F-1E9E-4ACB-9B8B-B3A3B526117F}.Debug|Any CPU.Build.0 = Debug|Any CPU
		{FEAC800F-1E9E-4ACB-9B8B-B3A3B526117F}.Release|Any CPU.ActiveCfg = Release|Any CPU
		{FEAC800F-1E9E-4ACB-9B8B-B3A3B526117F}.Release|Any CPU.Build.0 = Release|Any CPU
		{DCEDE87A-0DD9-4CC9-B351-6F18E345A15D}.Debug|Any CPU.ActiveCfg = Debug|Any CPU
		{DCEDE87A-0DD9-4CC9-B351-6F18E345A15D}.Debug|Any CPU.Build.0 = Debug|Any CPU
		{DCEDE87A-0DD9-4CC9-B351-6F18E345A15D}.Release|Any CPU.ActiveCfg = Release|Any CPU
		{DCEDE87A-0DD9-4CC9-B351-6F18E345A15D}.Release|Any CPU.Build.0 = Release|Any CPU
		{D8420A70-1EFA-49A5-A7F0-62E1B748C293}.Debug|Any CPU.ActiveCfg = Debug|Any CPU
		{D8420A70-1EFA-49A5-A7F0-62E1B748C293}.Debug|Any CPU.Build.0 = Debug|Any CPU
		{D8420A70-1EFA-49A5-A7F0-62E1B748C293}.Release|Any CPU.ActiveCfg = Release|Any CPU
		{D8420A70-1EFA-49A5-A7F0-62E1B748C293}.Release|Any CPU.Build.0 = Release|Any CPU
		{39BB96CF-249F-4B46-8361-4A7A140E467A}.Debug|Any CPU.ActiveCfg = Debug|Any CPU
		{39BB96CF-249F-4B46-8361-4A7A140E467A}.Debug|Any CPU.Build.0 = Debug|Any CPU
		{39BB96CF-249F-4B46-8361-4A7A140E467A}.Release|Any CPU.ActiveCfg = Release|Any CPU
		{39BB96CF-249F-4B46-8361-4A7A140E467A}.Release|Any CPU.Build.0 = Release|Any CPU
		{342BBC6B-5627-48BE-8640-6F3CB584542B}.Debug|Any CPU.ActiveCfg = Debug|Any CPU
		{342BBC6B-5627-48BE-8640-6F3CB584542B}.Debug|Any CPU.Build.0 = Debug|Any CPU
		{342BBC6B-5627-48BE-8640-6F3CB584542B}.Release|Any CPU.ActiveCfg = Release|Any CPU
		{342BBC6B-5627-48BE-8640-6F3CB584542B}.Release|Any CPU.Build.0 = Release|Any CPU
		{34DBB75B-0057-4531-AA58-04C85F35C934}.Debug|Any CPU.ActiveCfg = Debug|Any CPU
		{34DBB75B-0057-4531-AA58-04C85F35C934}.Debug|Any CPU.Build.0 = Debug|Any CPU
		{34DBB75B-0057-4531-AA58-04C85F35C934}.Release|Any CPU.ActiveCfg = Release|Any CPU
		{34DBB75B-0057-4531-AA58-04C85F35C934}.Release|Any CPU.Build.0 = Release|Any CPU
		{BFEB8155-EB1B-4554-99CE-89C73855DA04}.Debug|Any CPU.ActiveCfg = Debug|Any CPU
		{BFEB8155-EB1B-4554-99CE-89C73855DA04}.Debug|Any CPU.Build.0 = Debug|Any CPU
		{BFEB8155-EB1B-4554-99CE-89C73855DA04}.Release|Any CPU.ActiveCfg = Release|Any CPU
		{BFEB8155-EB1B-4554-99CE-89C73855DA04}.Release|Any CPU.Build.0 = Release|Any CPU
		{83A25082-421C-4F01-8465-DBE160F3200B}.Debug|Any CPU.ActiveCfg = Debug|Any CPU
		{83A25082-421C-4F01-8465-DBE160F3200B}.Debug|Any CPU.Build.0 = Debug|Any CPU
		{83A25082-421C-4F01-8465-DBE160F3200B}.Release|Any CPU.ActiveCfg = Release|Any CPU
		{83A25082-421C-4F01-8465-DBE160F3200B}.Release|Any CPU.Build.0 = Release|Any CPU
		{E8A5F63F-637A-4F09-A5CE-C9E5764E4526}.Debug|Any CPU.ActiveCfg = Debug|Any CPU
		{E8A5F63F-637A-4F09-A5CE-C9E5764E4526}.Debug|Any CPU.Build.0 = Debug|Any CPU
		{E8A5F63F-637A-4F09-A5CE-C9E5764E4526}.Release|Any CPU.ActiveCfg = Release|Any CPU
		{E8A5F63F-637A-4F09-A5CE-C9E5764E4526}.Release|Any CPU.Build.0 = Release|Any CPU
		{8A652BDC-542B-4483-A52F-EC503D4CCEB8}.Debug|Any CPU.ActiveCfg = Debug|Any CPU
		{8A652BDC-542B-4483-A52F-EC503D4CCEB8}.Debug|Any CPU.Build.0 = Debug|Any CPU
		{8A652BDC-542B-4483-A52F-EC503D4CCEB8}.Release|Any CPU.ActiveCfg = Release|Any CPU
		{8A652BDC-542B-4483-A52F-EC503D4CCEB8}.Release|Any CPU.Build.0 = Release|Any CPU
		{121B9299-3A75-4828-8623-71C7FD249F79}.Debug|Any CPU.ActiveCfg = Debug|Any CPU
		{121B9299-3A75-4828-8623-71C7FD249F79}.Debug|Any CPU.Build.0 = Debug|Any CPU
		{121B9299-3A75-4828-8623-71C7FD249F79}.Release|Any CPU.ActiveCfg = Release|Any CPU
		{121B9299-3A75-4828-8623-71C7FD249F79}.Release|Any CPU.Build.0 = Release|Any CPU
		{483A6218-F3DF-4FB8-975C-155A7B9BBD80}.Debug|Any CPU.ActiveCfg = Debug|Any CPU
		{483A6218-F3DF-4FB8-975C-155A7B9BBD80}.Debug|Any CPU.Build.0 = Debug|Any CPU
		{483A6218-F3DF-4FB8-975C-155A7B9BBD80}.Release|Any CPU.ActiveCfg = Release|Any CPU
		{483A6218-F3DF-4FB8-975C-155A7B9BBD80}.Release|Any CPU.Build.0 = Release|Any CPU
		{4F9B47DA-08C1-4798-B2B7-68FCDEBCAC33}.Debug|Any CPU.ActiveCfg = Debug|Any CPU
		{4F9B47DA-08C1-4798-B2B7-68FCDEBCAC33}.Debug|Any CPU.Build.0 = Debug|Any CPU
		{4F9B47DA-08C1-4798-B2B7-68FCDEBCAC33}.Release|Any CPU.ActiveCfg = Release|Any CPU
		{4F9B47DA-08C1-4798-B2B7-68FCDEBCAC33}.Release|Any CPU.Build.0 = Release|Any CPU
		{0C4AA882-4EC3-4BB0-9028-D9FA6E8E0A0D}.Debug|Any CPU.ActiveCfg = Debug|Any CPU
		{0C4AA882-4EC3-4BB0-9028-D9FA6E8E0A0D}.Debug|Any CPU.Build.0 = Debug|Any CPU
		{0C4AA882-4EC3-4BB0-9028-D9FA6E8E0A0D}.Release|Any CPU.ActiveCfg = Release|Any CPU
		{0C4AA882-4EC3-4BB0-9028-D9FA6E8E0A0D}.Release|Any CPU.Build.0 = Release|Any CPU
		{4097630D-818F-4F2D-B6B8-ACF7C7434CD1}.Debug|Any CPU.ActiveCfg = Debug|Any CPU
		{4097630D-818F-4F2D-B6B8-ACF7C7434CD1}.Debug|Any CPU.Build.0 = Debug|Any CPU
		{4097630D-818F-4F2D-B6B8-ACF7C7434CD1}.Release|Any CPU.ActiveCfg = Release|Any CPU
		{4097630D-818F-4F2D-B6B8-ACF7C7434CD1}.Release|Any CPU.Build.0 = Release|Any CPU
		{B374415C-19AA-41FF-A80C-56527EF32442}.Debug|Any CPU.ActiveCfg = Debug|Any CPU
		{B374415C-19AA-41FF-A80C-56527EF32442}.Debug|Any CPU.Build.0 = Debug|Any CPU
		{B374415C-19AA-41FF-A80C-56527EF32442}.Release|Any CPU.ActiveCfg = Release|Any CPU
		{B374415C-19AA-41FF-A80C-56527EF32442}.Release|Any CPU.Build.0 = Release|Any CPU
		{EB647671-B9FE-4A3B-A975-A05D3D16B4DB}.Debug|Any CPU.ActiveCfg = Debug|Any CPU
		{EB647671-B9FE-4A3B-A975-A05D3D16B4DB}.Debug|Any CPU.Build.0 = Debug|Any CPU
		{EB647671-B9FE-4A3B-A975-A05D3D16B4DB}.Release|Any CPU.ActiveCfg = Release|Any CPU
		{EB647671-B9FE-4A3B-A975-A05D3D16B4DB}.Release|Any CPU.Build.0 = Release|Any CPU
		{C54EAABF-F14A-4851-947F-4E538270926B}.Debug|Any CPU.ActiveCfg = Debug|Any CPU
		{C54EAABF-F14A-4851-947F-4E538270926B}.Debug|Any CPU.Build.0 = Debug|Any CPU
		{C54EAABF-F14A-4851-947F-4E538270926B}.Release|Any CPU.ActiveCfg = Release|Any CPU
		{C54EAABF-F14A-4851-947F-4E538270926B}.Release|Any CPU.Build.0 = Release|Any CPU
		{DB3C00B4-AA20-484A-AB58-4EE2BBD551DE}.Debug|Any CPU.ActiveCfg = Debug|Any CPU
		{DB3C00B4-AA20-484A-AB58-4EE2BBD551DE}.Debug|Any CPU.Build.0 = Debug|Any CPU
		{DB3C00B4-AA20-484A-AB58-4EE2BBD551DE}.Release|Any CPU.ActiveCfg = Release|Any CPU
		{DB3C00B4-AA20-484A-AB58-4EE2BBD551DE}.Release|Any CPU.Build.0 = Release|Any CPU
		{F05B5D90-B77E-4A35-857A-A52962CAE102}.Debug|Any CPU.ActiveCfg = Debug|Any CPU
		{F05B5D90-B77E-4A35-857A-A52962CAE102}.Debug|Any CPU.Build.0 = Debug|Any CPU
		{F05B5D90-B77E-4A35-857A-A52962CAE102}.Release|Any CPU.ActiveCfg = Release|Any CPU
		{F05B5D90-B77E-4A35-857A-A52962CAE102}.Release|Any CPU.Build.0 = Release|Any CPU
		{14AEA6EB-2022-455F-9586-E2BC79A02DB6}.Debug|Any CPU.ActiveCfg = Debug|Any CPU
		{14AEA6EB-2022-455F-9586-E2BC79A02DB6}.Debug|Any CPU.Build.0 = Debug|Any CPU
		{14AEA6EB-2022-455F-9586-E2BC79A02DB6}.Release|Any CPU.ActiveCfg = Release|Any CPU
		{14AEA6EB-2022-455F-9586-E2BC79A02DB6}.Release|Any CPU.Build.0 = Release|Any CPU
		{768C6932-8BA2-4270-941A-1C0DAFC72A67}.Debug|Any CPU.ActiveCfg = Debug|Any CPU
		{768C6932-8BA2-4270-941A-1C0DAFC72A67}.Debug|Any CPU.Build.0 = Debug|Any CPU
		{768C6932-8BA2-4270-941A-1C0DAFC72A67}.Release|Any CPU.ActiveCfg = Release|Any CPU
		{768C6932-8BA2-4270-941A-1C0DAFC72A67}.Release|Any CPU.Build.0 = Release|Any CPU
		{19F28A2F-5BBF-49DE-92C1-440245A6458B}.Debug|Any CPU.ActiveCfg = Debug|Any CPU
		{19F28A2F-5BBF-49DE-92C1-440245A6458B}.Debug|Any CPU.Build.0 = Debug|Any CPU
		{19F28A2F-5BBF-49DE-92C1-440245A6458B}.Release|Any CPU.ActiveCfg = Release|Any CPU
		{19F28A2F-5BBF-49DE-92C1-440245A6458B}.Release|Any CPU.Build.0 = Release|Any CPU
		{AD778764-59A0-4CD1-828A-DA10DC24063D}.Debug|Any CPU.ActiveCfg = Debug|Any CPU
		{AD778764-59A0-4CD1-828A-DA10DC24063D}.Debug|Any CPU.Build.0 = Debug|Any CPU
		{AD778764-59A0-4CD1-828A-DA10DC24063D}.Release|Any CPU.ActiveCfg = Release|Any CPU
		{AD778764-59A0-4CD1-828A-DA10DC24063D}.Release|Any CPU.Build.0 = Release|Any CPU
		{DCCF5694-C538-4BA2-B83B-DD8FEC93D06E}.Debug|Any CPU.ActiveCfg = Debug|Any CPU
		{DCCF5694-C538-4BA2-B83B-DD8FEC93D06E}.Debug|Any CPU.Build.0 = Debug|Any CPU
		{DCCF5694-C538-4BA2-B83B-DD8FEC93D06E}.Release|Any CPU.ActiveCfg = Release|Any CPU
		{DCCF5694-C538-4BA2-B83B-DD8FEC93D06E}.Release|Any CPU.Build.0 = Release|Any CPU
		{B0BAEC7D-B122-4C09-92AA-53D4E35E58CC}.Debug|Any CPU.ActiveCfg = Debug|Any CPU
		{B0BAEC7D-B122-4C09-92AA-53D4E35E58CC}.Debug|Any CPU.Build.0 = Debug|Any CPU
		{B0BAEC7D-B122-4C09-92AA-53D4E35E58CC}.Release|Any CPU.ActiveCfg = Release|Any CPU
		{B0BAEC7D-B122-4C09-92AA-53D4E35E58CC}.Release|Any CPU.Build.0 = Release|Any CPU
		{ACE77D05-EDDD-471E-B76F-A77A487017EC}.Debug|Any CPU.ActiveCfg = Debug|Any CPU
		{ACE77D05-EDDD-471E-B76F-A77A487017EC}.Debug|Any CPU.Build.0 = Debug|Any CPU
		{ACE77D05-EDDD-471E-B76F-A77A487017EC}.Release|Any CPU.ActiveCfg = Release|Any CPU
		{ACE77D05-EDDD-471E-B76F-A77A487017EC}.Release|Any CPU.Build.0 = Release|Any CPU
		{9BEE0EE0-6BF7-4EEE-9AD9-3726324D9D53}.Debug|Any CPU.ActiveCfg = Debug|Any CPU
		{9BEE0EE0-6BF7-4EEE-9AD9-3726324D9D53}.Debug|Any CPU.Build.0 = Debug|Any CPU
		{9BEE0EE0-6BF7-4EEE-9AD9-3726324D9D53}.Release|Any CPU.ActiveCfg = Release|Any CPU
		{9BEE0EE0-6BF7-4EEE-9AD9-3726324D9D53}.Release|Any CPU.Build.0 = Release|Any CPU
		{C6186381-B157-456A-B958-C5411EFA2078}.Debug|Any CPU.ActiveCfg = Debug|Any CPU
		{C6186381-B157-456A-B958-C5411EFA2078}.Debug|Any CPU.Build.0 = Debug|Any CPU
		{C6186381-B157-456A-B958-C5411EFA2078}.Release|Any CPU.ActiveCfg = Release|Any CPU
		{C6186381-B157-456A-B958-C5411EFA2078}.Release|Any CPU.Build.0 = Release|Any CPU
		{CDAF8CCF-E21E-43F1-BB5C-A7D351182606}.Debug|Any CPU.ActiveCfg = Debug|Any CPU
		{CDAF8CCF-E21E-43F1-BB5C-A7D351182606}.Debug|Any CPU.Build.0 = Debug|Any CPU
		{CDAF8CCF-E21E-43F1-BB5C-A7D351182606}.Release|Any CPU.ActiveCfg = Release|Any CPU
		{CDAF8CCF-E21E-43F1-BB5C-A7D351182606}.Release|Any CPU.Build.0 = Release|Any CPU
		{ED6617B0-1E9E-4324-9B55-48CCB70BE3EA}.Debug|Any CPU.ActiveCfg = Debug|Any CPU
		{ED6617B0-1E9E-4324-9B55-48CCB70BE3EA}.Debug|Any CPU.Build.0 = Debug|Any CPU
		{ED6617B0-1E9E-4324-9B55-48CCB70BE3EA}.Release|Any CPU.ActiveCfg = Release|Any CPU
		{ED6617B0-1E9E-4324-9B55-48CCB70BE3EA}.Release|Any CPU.Build.0 = Release|Any CPU
		{4234F46D-7028-4F0B-85EC-CB65F200F0F4}.Debug|Any CPU.ActiveCfg = Debug|Any CPU
		{4234F46D-7028-4F0B-85EC-CB65F200F0F4}.Debug|Any CPU.Build.0 = Debug|Any CPU
		{4234F46D-7028-4F0B-85EC-CB65F200F0F4}.Release|Any CPU.ActiveCfg = Release|Any CPU
		{4234F46D-7028-4F0B-85EC-CB65F200F0F4}.Release|Any CPU.Build.0 = Release|Any CPU
		{EB8628D1-E9A4-487D-8B36-FA58D90BF454}.Debug|Any CPU.ActiveCfg = Debug|Any CPU
		{EB8628D1-E9A4-487D-8B36-FA58D90BF454}.Debug|Any CPU.Build.0 = Debug|Any CPU
		{EB8628D1-E9A4-487D-8B36-FA58D90BF454}.Release|Any CPU.ActiveCfg = Release|Any CPU
		{EB8628D1-E9A4-487D-8B36-FA58D90BF454}.Release|Any CPU.Build.0 = Release|Any CPU
		{E1A4535D-37D8-4FC4-AB14-462A0005EAA4}.Debug|Any CPU.ActiveCfg = Debug|Any CPU
		{E1A4535D-37D8-4FC4-AB14-462A0005EAA4}.Debug|Any CPU.Build.0 = Debug|Any CPU
		{E1A4535D-37D8-4FC4-AB14-462A0005EAA4}.Release|Any CPU.ActiveCfg = Release|Any CPU
		{E1A4535D-37D8-4FC4-AB14-462A0005EAA4}.Release|Any CPU.Build.0 = Release|Any CPU
		{015D4A1F-5BC0-40FA-9130-8E6F56FD84E0}.Debug|Any CPU.ActiveCfg = Debug|Any CPU
		{015D4A1F-5BC0-40FA-9130-8E6F56FD84E0}.Debug|Any CPU.Build.0 = Debug|Any CPU
		{015D4A1F-5BC0-40FA-9130-8E6F56FD84E0}.Release|Any CPU.ActiveCfg = Release|Any CPU
		{015D4A1F-5BC0-40FA-9130-8E6F56FD84E0}.Release|Any CPU.Build.0 = Release|Any CPU
		{AE091D34-D946-4752-8D25-4405B2D91404}.Debug|Any CPU.ActiveCfg = Debug|Any CPU
		{AE091D34-D946-4752-8D25-4405B2D91404}.Debug|Any CPU.Build.0 = Debug|Any CPU
		{AE091D34-D946-4752-8D25-4405B2D91404}.Release|Any CPU.ActiveCfg = Release|Any CPU
		{AE091D34-D946-4752-8D25-4405B2D91404}.Release|Any CPU.Build.0 = Release|Any CPU
		{BB09FD97-B93A-4858-B073-88C6E5420833}.Debug|Any CPU.ActiveCfg = Debug|Any CPU
		{BB09FD97-B93A-4858-B073-88C6E5420833}.Debug|Any CPU.Build.0 = Debug|Any CPU
		{BB09FD97-B93A-4858-B073-88C6E5420833}.Release|Any CPU.ActiveCfg = Release|Any CPU
		{BB09FD97-B93A-4858-B073-88C6E5420833}.Release|Any CPU.Build.0 = Release|Any CPU
	EndGlobalSection
	GlobalSection(SolutionProperties) = preSolution
		HideSolutionNode = FALSE
	EndGlobalSection
	GlobalSection(NestedProjects) = preSolution
		{6CC6AF84-2AA3-45C0-8BAE-7FF8DC8B0BE9} = {0EE5CF98-9B55-4E6B-822B-F6BB1D497782}
		{400D1D79-6463-408B-AB58-9CBFDDEB9570} = {0EE5CF98-9B55-4E6B-822B-F6BB1D497782}
		{86E94607-62E7-4067-9578-ABD32613F8B1} = {98101B62-F89D-4286-B146-9A41D97F3E48}
		{AD2DA7BF-2B64-4C4B-B7D1-14DA8279D30B} = {98101B62-F89D-4286-B146-9A41D97F3E48}
		{E3F5FE0F-F9FB-4709-9DEA-BF746EC6AEC1} = {98101B62-F89D-4286-B146-9A41D97F3E48}
		{0882EC88-8FDD-430E-A515-97FEC5CAFF5C} = {98101B62-F89D-4286-B146-9A41D97F3E48}
		{DEFA91F8-D1DE-4B0B-B145-26C38948B893} = {0B4AFAB7-A76A-424A-BE26-24D7322B170A}
		{1033F59C-8824-4758-BF91-92E3AE45FFF0} = {0B4AFAB7-A76A-424A-BE26-24D7322B170A}
		{E3E0D6D8-F92E-4D52-9474-8E363B6676FF} = {0B4AFAB7-A76A-424A-BE26-24D7322B170A}
		{DCEDE87A-0DD9-4CC9-B351-6F18E345A15D} = {0B4AFAB7-A76A-424A-BE26-24D7322B170A}
		{D8420A70-1EFA-49A5-A7F0-62E1B748C293} = {0B4AFAB7-A76A-424A-BE26-24D7322B170A}
		{342BBC6B-5627-48BE-8640-6F3CB584542B} = {0B4AFAB7-A76A-424A-BE26-24D7322B170A}
		{34DBB75B-0057-4531-AA58-04C85F35C934} = {0B4AFAB7-A76A-424A-BE26-24D7322B170A}
		{BFEB8155-EB1B-4554-99CE-89C73855DA04} = {0B4AFAB7-A76A-424A-BE26-24D7322B170A}
		{E8A5F63F-637A-4F09-A5CE-C9E5764E4526} = {0B4AFAB7-A76A-424A-BE26-24D7322B170A}
		{8A652BDC-542B-4483-A52F-EC503D4CCEB8} = {0B4AFAB7-A76A-424A-BE26-24D7322B170A}
		{0C4AA882-4EC3-4BB0-9028-D9FA6E8E0A0D} = {0B4AFAB7-A76A-424A-BE26-24D7322B170A}
		{C6186381-B157-456A-B958-C5411EFA2078} = {0B4AFAB7-A76A-424A-BE26-24D7322B170A}
		{CDAF8CCF-E21E-43F1-BB5C-A7D351182606} = {0B4AFAB7-A76A-424A-BE26-24D7322B170A}
		{329F4F62-5259-4DDB-8C29-D00108683CD1} = {0B4AFAB7-A76A-424A-BE26-24D7322B170A}
		{ED6617B0-1E9E-4324-9B55-48CCB70BE3EA} = {329F4F62-5259-4DDB-8C29-D00108683CD1}
		{4234F46D-7028-4F0B-85EC-CB65F200F0F4} = {329F4F62-5259-4DDB-8C29-D00108683CD1}
		{EB8628D1-E9A4-487D-8B36-FA58D90BF454} = {110C65B4-A290-4456-93C9-67DE36D8A410}
		{E1A4535D-37D8-4FC4-AB14-462A0005EAA4} = {110C65B4-A290-4456-93C9-67DE36D8A410}
		{015D4A1F-5BC0-40FA-9130-8E6F56FD84E0} = {110C65B4-A290-4456-93C9-67DE36D8A410}
		{AE091D34-D946-4752-8D25-4405B2D91404} = {110C65B4-A290-4456-93C9-67DE36D8A410}
		{BB09FD97-B93A-4858-B073-88C6E5420833} = {110C65B4-A290-4456-93C9-67DE36D8A410}
	EndGlobalSection
	GlobalSection(ExtensibilityGlobals) = postSolution
		SolutionGuid = {12BF4283-6EFD-433F-9B74-835D734E5B63}
	EndGlobalSection
EndGlobal
