
Microsoft Visual Studio Solution File, Format Version 12.00
# Visual Studio 14
VisualStudioVersion = 14.0.25420.1
MinimumVisualStudioVersion = 10.0.40219.1
Project("{FAE04EC0-301F-11D3-BF4B-00C04F79EFBC}") = "PLINQDataProcessingWithCancelation", "PLINQDataProcessingWithCancelation\PLINQDataProcessingWithCancelation.csproj", "{DCEDE87A-0DD9-4CC9-B351-6F18E345A15D}"
EndProject
Global
	GlobalSection(SolutionConfigurationPlatforms) = preSolution
		Debug|Any CPU = Debug|Any CPU
		Release|Any CPU = Release|Any CPU
	EndGlobalSection
	GlobalSection(ProjectConfigurationPlatforms) = postSolution
		{DCEDE87A-0DD9-4CC9-B351-6F18E345A15D}.Debug|Any CPU.ActiveCfg = Debug|Any CPU
		{DCEDE87A-0DD9-4CC9-B351-6F18E345A15D}.Debug|Any CPU.Build.0 = Debug|Any CPU
		{DCEDE87A-0DD9-4CC9-B351-6F18E345A15D}.Release|Any CPU.ActiveCfg = Release|Any CPU
		{DCEDE87A-0DD9-4CC9-B351-6F18E345A15D}.Release|Any CPU.Build.0 = Release|Any CPU
	EndGlobalSection
	GlobalSection(SolutionProperties) = preSolution
		HideSolutionNode = FALSE
	EndGlobalSection
EndGlobal
